
Microsoft Visual Studio Solution File, Format Version 12.00
# Visual Studio 2013
VisualStudioVersion = 12.0.21005.1
MinimumVisualStudioVersion = 10.0.40219.1
Project("{FAE04EC0-301F-11D3-BF4B-00C04F79EFBC}") = "Computers.UI", "Niki\Computers.UI.csproj", "{920382DC-166F-4C55-8AF7-70D668191107}"
EndProject
Project("{FAE04EC0-301F-11D3-BF4B-00C04F79EFBC}") = "Computers.Logic", "Computers.Logic\Computers.Logic.csproj", "{EB3A533F-7960-44AE-A8BD-D1E8896CF12A}"
EndProject
Project("{FAE04EC0-301F-11D3-BF4B-00C04F79EFBC}") = "Computers.Tests", "Computers.Tests\Computers.Tests.csproj", "{1D023648-F979-4D15-A6ED-930BE6FB9882}"
EndProject
Global
	GlobalSection(SolutionConfigurationPlatforms) = preSolution
		Debug|Any CPU = Debug|Any CPU
		Release|Any CPU = Release|Any CPU
	EndGlobalSection
	GlobalSection(ProjectConfigurationPlatforms) = postSolution
		{920382DC-166F-4C55-8AF7-70D668191107}.Debug|Any CPU.ActiveCfg = Debug|Any CPU
		{920382DC-166F-4C55-8AF7-70D668191107}.Debug|Any CPU.Build.0 = Debug|Any CPU
		{920382DC-166F-4C55-8AF7-70D668191107}.Release|Any CPU.ActiveCfg = Release|Any CPU
		{920382DC-166F-4C55-8AF7-70D668191107}.Release|Any CPU.Build.0 = Release|Any CPU
		{EB3A533F-7960-44AE-A8BD-D1E8896CF12A}.Debug|Any CPU.ActiveCfg = Debug|Any CPU
		{EB3A533F-7960-44AE-A8BD-D1E8896CF12A}.Debug|Any CPU.Build.0 = Debug|Any CPU
		{EB3A533F-7960-44AE-A8BD-D1E8896CF12A}.Release|Any CPU.ActiveCfg = Release|Any CPU
		{EB3A533F-7960-44AE-A8BD-D1E8896CF12A}.Release|Any CPU.Build.0 = Release|Any CPU
		{1D023648-F979-4D15-A6ED-930BE6FB9882}.Debug|Any CPU.ActiveCfg = Debug|Any CPU
		{1D023648-F979-4D15-A6ED-930BE6FB9882}.Debug|Any CPU.Build.0 = Debug|Any CPU
		{1D023648-F979-4D15-A6ED-930BE6FB9882}.Release|Any CPU.ActiveCfg = Release|Any CPU
		{1D023648-F979-4D15-A6ED-930BE6FB9882}.Release|Any CPU.Build.0 = Release|Any CPU
	EndGlobalSection
	GlobalSection(SolutionProperties) = preSolution
		HideSolutionNode = FALSE
	EndGlobalSection
EndGlobal
