
Microsoft Visual Studio Solution File, Format Version 12.00
# Visual Studio 2013
VisualStudioVersion = 12.0.21005.1
MinimumVisualStudioVersion = 10.0.40219.1
Project("{FAE04EC0-301F-11D3-BF4B-00C04F79EFBC}") = "1.FindWordsInFile", "1.FindWordsInFile\1.FindWordsInFile.csproj", "{88F29BEC-6715-4F33-BD74-694FF27B4185}"
EndProject
Project("{FAE04EC0-301F-11D3-BF4B-00C04F79EFBC}") = "3.BinaryHeap", "3.BinaryHeap\3.BinaryHeap.csproj", "{EEF8E560-4D56-44A9-B144-7576A34A40BB}"
EndProject
Project("{FAE04EC0-301F-11D3-BF4B-00C04F79EFBC}") = "4.StringEditor", "4.StringEditor\4.StringEditor.csproj", "{0D1F225B-2673-4279-BEC9-0FB411C145B1}"
EndProject
Global
	GlobalSection(SolutionConfigurationPlatforms) = preSolution
		Debug|Any CPU = Debug|Any CPU
		Release|Any CPU = Release|Any CPU
	EndGlobalSection
	GlobalSection(ProjectConfigurationPlatforms) = postSolution
		{88F29BEC-6715-4F33-BD74-694FF27B4185}.Debug|Any CPU.ActiveCfg = Debug|Any CPU
		{88F29BEC-6715-4F33-BD74-694FF27B4185}.Debug|Any CPU.Build.0 = Debug|Any CPU
		{88F29BEC-6715-4F33-BD74-694FF27B4185}.Release|Any CPU.ActiveCfg = Release|Any CPU
		{88F29BEC-6715-4F33-BD74-694FF27B4185}.Release|Any CPU.Build.0 = Release|Any CPU
		{EEF8E560-4D56-44A9-B144-7576A34A40BB}.Debug|Any CPU.ActiveCfg = Debug|Any CPU
		{EEF8E560-4D56-44A9-B144-7576A34A40BB}.Debug|Any CPU.Build.0 = Debug|Any CPU
		{EEF8E560-4D56-44A9-B144-7576A34A40BB}.Release|Any CPU.ActiveCfg = Release|Any CPU
		{EEF8E560-4D56-44A9-B144-7576A34A40BB}.Release|Any CPU.Build.0 = Release|Any CPU
		{0D1F225B-2673-4279-BEC9-0FB411C145B1}.Debug|Any CPU.ActiveCfg = Debug|Any CPU
		{0D1F225B-2673-4279-BEC9-0FB411C145B1}.Debug|Any CPU.Build.0 = Debug|Any CPU
		{0D1F225B-2673-4279-BEC9-0FB411C145B1}.Release|Any CPU.ActiveCfg = Release|Any CPU
		{0D1F225B-2673-4279-BEC9-0FB411C145B1}.Release|Any CPU.Build.0 = Release|Any CPU
	EndGlobalSection
	GlobalSection(SolutionProperties) = preSolution
		HideSolutionNode = FALSE
	EndGlobalSection
EndGlobal
