
Microsoft Visual Studio Solution File, Format Version 12.00
# Visual Studio 2013
VisualStudioVersion = 12.0.21005.1
MinimumVisualStudioVersion = 10.0.40219.1
Project("{FAE04EC0-301F-11D3-BF4B-00C04F79EFBC}") = "Naming", "Naming\Naming.csproj", "{A8507F9C-DD18-451E-A032-4B6094E7019A}"
EndProject
Project("{FAE04EC0-301F-11D3-BF4B-00C04F79EFBC}") = "PrintStatistic", "PrintStatic\PrintStatistic.csproj", "{39105B9C-2D1E-43E3-A1F0-55F2220A24CF}"
EndProject
Global
	GlobalSection(SolutionConfigurationPlatforms) = preSolution
		Debug|Any CPU = Debug|Any CPU
		Release|Any CPU = Release|Any CPU
	EndGlobalSection
	GlobalSection(ProjectConfigurationPlatforms) = postSolution
		{A8507F9C-DD18-451E-A032-4B6094E7019A}.Debug|Any CPU.ActiveCfg = Debug|Any CPU
		{A8507F9C-DD18-451E-A032-4B6094E7019A}.Debug|Any CPU.Build.0 = Debug|Any CPU
		{A8507F9C-DD18-451E-A032-4B6094E7019A}.Release|Any CPU.ActiveCfg = Release|Any CPU
		{A8507F9C-DD18-451E-A032-4B6094E7019A}.Release|Any CPU.Build.0 = Release|Any CPU
		{39105B9C-2D1E-43E3-A1F0-55F2220A24CF}.Debug|Any CPU.ActiveCfg = Debug|Any CPU
		{39105B9C-2D1E-43E3-A1F0-55F2220A24CF}.Debug|Any CPU.Build.0 = Debug|Any CPU
		{39105B9C-2D1E-43E3-A1F0-55F2220A24CF}.Release|Any CPU.ActiveCfg = Release|Any CPU
		{39105B9C-2D1E-43E3-A1F0-55F2220A24CF}.Release|Any CPU.Build.0 = Release|Any CPU
	EndGlobalSection
	GlobalSection(SolutionProperties) = preSolution
		HideSolutionNode = FALSE
	EndGlobalSection
EndGlobal
